
Microsoft Visual Studio Solution File, Format Version 12.00
Project("{2150E333-8FDC-42A3-9474-1A3956D46DE8}") = "Sources", "Sources", "{6054E12E-68F3-4EAA-B570-433E00A5027A}"
EndProject
Project("{2150E333-8FDC-42A3-9474-1A3956D46DE8}") = "Tests", "Tests", "{38D68CC0-AE59-45F1-8A16-B248A11B501B}"
EndProject
Project("{2150E333-8FDC-42A3-9474-1A3956D46DE8}") = "Examples", "Examples", "{F12B36CA-CC5C-4160-90B9-9249CDB013F8}"
EndProject
Project("{2150E333-8FDC-42A3-9474-1A3956D46DE8}") = "Build", "Build", "{768DF262-049E-4293-8C46-51197C3CAF1B}"
EndProject
Project("{FAE04EC0-301F-11D3-BF4B-00C04F79EFBC}") = "Strix", "src\Strix\Strix.csproj", "{43786678-3120-408E-824A-9A3D76F00AE9}"
EndProject
Project("{FAE04EC0-301F-11D3-BF4B-00C04F79EFBC}") = "Strix.Abstractions", "src\Strix.Abstractions\Strix.Abstractions.csproj", "{C05098F0-A8D0-43C9-A1F6-D4370BA3205A}"
EndProject
Project("{2150E333-8FDC-42A3-9474-1A3956D46DE8}") = "Reflection", "Reflection", "{7727165B-219D-4C04-AEFD-84D688EBFEDC}"
EndProject
Project("{FAE04EC0-301F-11D3-BF4B-00C04F79EFBC}") = "Strix.Reflection", "src\Reflection\Strix.Reflection\Strix.Reflection.csproj", "{A8A4B22A-A867-4CCC-A455-68533B722804}"
EndProject
Project("{FAE04EC0-301F-11D3-BF4B-00C04F79EFBC}") = "Strix.Reflection.Abstractions", "src\Reflection\Strix.Reflection.Abstractions\Strix.Reflection.Abstractions.csproj", "{03798ECC-673D-4869-92DE-A64FCCE58310}"
EndProject
Project("{2150E333-8FDC-42A3-9474-1A3956D46DE8}") = "Resolving", "Resolving", "{8D398665-6C56-4A33-A320-2EDDCC83555A}"
EndProject
Project("{FAE04EC0-301F-11D3-BF4B-00C04F79EFBC}") = "Strix.Resolving", "src\Resolving\Strix.Resolving\Strix.Resolving.csproj", "{33BD3B92-7516-468B-A8EE-ABE0488C80CB}"
EndProject
Project("{FAE04EC0-301F-11D3-BF4B-00C04F79EFBC}") = "Strix.Resolving.Abstractions", "src\Resolving\Strix.Resolving.Abstractions\Strix.Resolving.Abstractions.csproj", "{354DE58D-3BE9-46E7-A764-30AD10336B41}"
EndProject
Project("{2150E333-8FDC-42A3-9474-1A3956D46DE8}") = "Handlers", "Handlers", "{1A0F2300-CA92-44DF-91BD-1C13E36EC2CB}"
EndProject
Project("{2150E333-8FDC-42A3-9474-1A3956D46DE8}") = "Commands", "Commands", "{441960EF-F474-4CA9-9C9C-70531301EF06}"
EndProject
Project("{2150E333-8FDC-42A3-9474-1A3956D46DE8}") = "Widgets", "Widgets", "{5E063E70-9B9D-42A1-A4E5-F189AC07A204}"
EndProject
Project("{2150E333-8FDC-42A3-9474-1A3956D46DE8}") = "Progress", "Progress", "{7E86FF4A-AA0D-4D54-8AEA-184EC34C2966}"
EndProject
Project("{2150E333-8FDC-42A3-9474-1A3956D46DE8}") = "Parsing", "Parsing", "{4B43BBF2-2872-4B85-B510-A6F5803123BF}"
EndProject
Project("{FAE04EC0-301F-11D3-BF4B-00C04F79EFBC}") = "Strix.Widgets.Abstractions", "src\Widgets\Strix.Widgets.Abstractions\Strix.Widgets.Abstractions.csproj", "{27FAE3DC-623C-4E83-9CDD-CAD4F75D6883}"
EndProject
Project("{FAE04EC0-301F-11D3-BF4B-00C04F79EFBC}") = "Strix.Widgets", "src\Widgets\Strix.Widgets\Strix.Widgets.csproj", "{09255FE6-07AB-4A75-BAA5-4593CD8EB005}"
EndProject
Project("{FAE04EC0-301F-11D3-BF4B-00C04F79EFBC}") = "Strix.Progress.Abstractions", "src\Progress\Strix.Progress.Abstractions\Strix.Progress.Abstractions.csproj", "{0DDE937C-E721-4B1E-B261-462A2BA2FFCA}"
EndProject
Project("{FAE04EC0-301F-11D3-BF4B-00C04F79EFBC}") = "Strix.Progress", "src\Progress\Strix.Progress\Strix.Progress.csproj", "{D5970EFD-3E43-4DAC-9149-7BBEE2519848}"
EndProject
Project("{FAE04EC0-301F-11D3-BF4B-00C04F79EFBC}") = "Strix.Handlers", "src\Handlers\Strix.Handlers\Strix.Handlers.csproj", "{DD0DEA25-BED2-46B8-A8B9-BEB306D904EA}"
EndProject
Project("{FAE04EC0-301F-11D3-BF4B-00C04F79EFBC}") = "Strix.Handlers.Abstractions", "src\Handlers\Strix.Handlers.Abstractions\Strix.Handlers.Abstractions.csproj", "{FF39F270-F57D-44B9-B4F4-B2ABAEC9C46E}"
EndProject
Project("{FAE04EC0-301F-11D3-BF4B-00C04F79EFBC}") = "Strix.Commands", "src\Commands\Strix.Commands\Strix.Commands.csproj", "{426658F5-7AF1-4C3D-B8E4-AEE29F7F2FED}"
EndProject
Project("{FAE04EC0-301F-11D3-BF4B-00C04F79EFBC}") = "Strix.Commands.Abstractions", "src\Commands\Strix.Commands.Abstractions\Strix.Commands.Abstractions.csproj", "{44782BD8-2732-4519-B785-B56C2F76BAFA}"
EndProject
Project("{FAE04EC0-301F-11D3-BF4B-00C04F79EFBC}") = "Strix.Commands.Parsing", "src\Commands\Parsing\Strix.Commands.Parsing\Strix.Commands.Parsing.csproj", "{0A4EDB51-B575-4F74-9D4E-6E3C022F0414}"
EndProject
Project("{FAE04EC0-301F-11D3-BF4B-00C04F79EFBC}") = "Strix.Commands.Parsing.Abstractions", "src\Commands\Parsing\Strix.Commands.Parsing.Abstractions\Strix.Commands.Parsing.Abstractions.csproj", "{CC81D0DB-0A42-4A05-B499-48791BC25DE7}"
EndProject
Project("{2150E333-8FDC-42A3-9474-1A3956D46DE8}") = "Localization", "Localization", "{0333700D-B058-4BB0-A996-DD8C2594A70D}"
EndProject
Project("{2150E333-8FDC-42A3-9474-1A3956D46DE8}") = "Providers", "Providers", "{51354F5F-7FC1-4263-B3D9-9F30AB77243B}"
EndProject
Project("{2150E333-8FDC-42A3-9474-1A3956D46DE8}") = "Hosting", "Hosting", "{CE1F17FB-639C-43AA-837E-1004C140B859}"
EndProject
Project("{FAE04EC0-301F-11D3-BF4B-00C04F79EFBC}") = "Strix.Localization", "src\Localization\Strix.Localization\Strix.Localization.csproj", "{D0C6C4EB-6AEA-4618-9050-0CADADFA98F2}"
EndProject
Project("{FAE04EC0-301F-11D3-BF4B-00C04F79EFBC}") = "Strix.Localization.Abstractions", "src\Localization\Strix.Localization.Abstractions\Strix.Localization.Abstractions.csproj", "{65D544F4-D02C-4FA6-9FF3-27DC52FFFE0B}"
EndProject
Project("{FAE04EC0-301F-11D3-BF4B-00C04F79EFBC}") = "Strix.Localization.Provider.Json", "src\Localization\Providers\Strix.Localization.Provider.Json\Strix.Localization.Provider.Json.csproj", "{D5F7C245-F641-475B-BEAD-B86D43112939}"
EndProject
Project("{FAE04EC0-301F-11D3-BF4B-00C04F79EFBC}") = "Strix.Localization.Provider.Xml", "src\Localization\Providers\Strix.Localization.Provider.Xml\Strix.Localization.Provider.Xml.csproj", "{394376A2-B082-407F-9FAA-4A481A70691B}"
EndProject
Project("{FAE04EC0-301F-11D3-BF4B-00C04F79EFBC}") = "Strix.Localization.Provider.Yaml", "src\Localization\Providers\Strix.Localization.Provider.Yaml\Strix.Localization.Provider.Yaml.csproj", "{13402F73-10A7-45B8-80F8-7FF56FE7D6D4}"
EndProject
Project("{FAE04EC0-301F-11D3-BF4B-00C04F79EFBC}") = "Strix.Hosting.Console", "src\Hosting\Strix.Hosting.Console\Strix.Hosting.Console.csproj", "{2D375ED0-B603-453C-A541-DB9C0F751BF5}"
EndProject
Project("{FAE04EC0-301F-11D3-BF4B-00C04F79EFBC}") = "Strix.Hosting.Web", "src\Hosting\Strix.Hosting.Web\Strix.Hosting.Web.csproj", "{3D8415C5-6D55-423F-9B97-F6B3222761B4}"
EndProject
Project("{9A19103F-16F7-4668-BE54-9A1E7A4F7556}") = "Strix.Build", "build\Strix.Build.csproj", "{37783227-B654-4917-A4A3-C6960450DE91}"
EndProject
Project("{FAE04EC0-301F-11D3-BF4B-00C04F79EFBC}") = "Strix.Example.Console", "examples\Strix.Example.Console\Strix.Example.Console.csproj", "{C4A4C59D-1CA0-40C9-B93C-AA05ECDE9BFC}"
EndProject
Project("{FAE04EC0-301F-11D3-BF4B-00C04F79EFBC}") = "Strix.Example.Web", "examples\Strix.Example.Web\Strix.Example.Web.csproj", "{4AFBAA91-019A-4114-A4A1-7E9AB8C89483}"
EndProject
Project("{2150E333-8FDC-42A3-9474-1A3956D46DE8}") = "Sessions", "Sessions", "{1CA73DDB-811E-415D-9CC1-65056BBA4570}"
EndProject
Project("{FAE04EC0-301F-11D3-BF4B-00C04F79EFBC}") = "Strix.Sessions", "src\Sessions\Strix.Sessions\Strix.Sessions.csproj", "{DC63200C-299D-4CA2-9766-D52126B5624D}"
EndProject
Project("{FAE04EC0-301F-11D3-BF4B-00C04F79EFBC}") = "Strix.Sessions.Abstractions", "src\Sessions\Strix.Sessions.Abstractions\Strix.Sessions.Abstractions.csproj", "{E33F40A3-44C7-4AA8-A5BC-BE1B4B81EE87}"
EndProject
Project("{2150E333-8FDC-42A3-9474-1A3956D46DE8}") = "FileSystem", "FileSystem", "{CE7905C3-9886-48AF-97EA-265ED3604EA3}"
EndProject
Project("{2150E333-8FDC-42A3-9474-1A3956D46DE8}") = "Providers", "Providers", "{63B3125A-A579-4974-98F6-CBD16E48D549}"
EndProject
Project("{FAE04EC0-301F-11D3-BF4B-00C04F79EFBC}") = "Strix.FileSystem", "src\FileSystem\Strix.FileSystem\Strix.FileSystem.csproj", "{641D3A73-ADA3-43E5-BC05-B435904F57B1}"
EndProject
Project("{FAE04EC0-301F-11D3-BF4B-00C04F79EFBC}") = "Strix.FileSystem.Abstractions", "src\FileSystem\Strix.FileSystem.Abstractions\Strix.FileSystem.Abstractions.csproj", "{5CC4A591-A920-4646-B4AD-BBEB0234A72E}"
EndProject
Project("{FAE04EC0-301F-11D3-BF4B-00C04F79EFBC}") = "Strix.FileSystem.Provider.System", "src\FileSystem\Providers\Strix.FileSystem.Provider.System\Strix.FileSystem.Provider.System.csproj", "{534C4A11-6F74-4CDB-87A0-1D7B3A7D209D}"
EndProject
Project("{FAE04EC0-301F-11D3-BF4B-00C04F79EFBC}") = "Strix.FileSystem.Provider.Firebase", "src\FileSystem\Providers\Strix.FileSystem.Provider.Firebase\Strix.FileSystem.Provider.Firebase.csproj", "{A83A5F71-DA1E-4B60-9F69-65A6A706E8EE}"
EndProject
Project("{2150E333-8FDC-42A3-9474-1A3956D46DE8}") = "Providers", "Providers", "{7BF0BFB5-A827-4B74-9CAE-EA7853E7F64F}"
EndProject
Project("{FAE04EC0-301F-11D3-BF4B-00C04F79EFBC}") = "Strix.Resolving.Provider.Microsoft.Extensions.DependencyInjection", "src\Resolving\Providers\Strix.Resolving.Provider.Microsoft.Extensions.DependencyInjection\Strix.Resolving.Provider.Microsoft.Extensions.DependencyInjection.csproj", "{732CEBF3-79BB-4F47-8178-EDCE7A4740AD}"
EndProject
Project("{FAE04EC0-301F-11D3-BF4B-00C04F79EFBC}") = "Strix.Resolving.Provider.Autofac", "src\Resolving\Providers\Strix.Resolving.Provider.Autofac\Strix.Resolving.Provider.Autofac.csproj", "{9A0A6CEA-330E-4317-8F8D-31A386AE0126}"
EndProject
Project("{2150E333-8FDC-42A3-9474-1A3956D46DE8}") = "Integrations", "Integrations", "{0477F9BA-9842-4E9E-94F3-FA08702B19DD}"
EndProject
Project("{FAE04EC0-301F-11D3-BF4B-00C04F79EFBC}") = "Strix.Integration.Telegram", "src\Integrations\Strix.Integration.Telegram\Strix.Integration.Telegram.csproj", "{0128A9AA-D4D0-49AD-A506-9D52FE1B34AE}"
EndProject
Global
	GlobalSection(SolutionConfigurationPlatforms) = preSolution
		Debug|Any CPU = Debug|Any CPU
		Release|Any CPU = Release|Any CPU
	EndGlobalSection
	GlobalSection(NestedProjects) = preSolution
		{43786678-3120-408E-824A-9A3D76F00AE9} = {6054E12E-68F3-4EAA-B570-433E00A5027A}
		{C05098F0-A8D0-43C9-A1F6-D4370BA3205A} = {6054E12E-68F3-4EAA-B570-433E00A5027A}
		{7727165B-219D-4C04-AEFD-84D688EBFEDC} = {6054E12E-68F3-4EAA-B570-433E00A5027A}
		{A8A4B22A-A867-4CCC-A455-68533B722804} = {7727165B-219D-4C04-AEFD-84D688EBFEDC}
		{03798ECC-673D-4869-92DE-A64FCCE58310} = {7727165B-219D-4C04-AEFD-84D688EBFEDC}
		{8D398665-6C56-4A33-A320-2EDDCC83555A} = {6054E12E-68F3-4EAA-B570-433E00A5027A}
		{33BD3B92-7516-468B-A8EE-ABE0488C80CB} = {8D398665-6C56-4A33-A320-2EDDCC83555A}
		{354DE58D-3BE9-46E7-A764-30AD10336B41} = {8D398665-6C56-4A33-A320-2EDDCC83555A}
		{1A0F2300-CA92-44DF-91BD-1C13E36EC2CB} = {6054E12E-68F3-4EAA-B570-433E00A5027A}
		{441960EF-F474-4CA9-9C9C-70531301EF06} = {6054E12E-68F3-4EAA-B570-433E00A5027A}
		{5E063E70-9B9D-42A1-A4E5-F189AC07A204} = {6054E12E-68F3-4EAA-B570-433E00A5027A}
		{7E86FF4A-AA0D-4D54-8AEA-184EC34C2966} = {6054E12E-68F3-4EAA-B570-433E00A5027A}
		{4B43BBF2-2872-4B85-B510-A6F5803123BF} = {441960EF-F474-4CA9-9C9C-70531301EF06}
		{27FAE3DC-623C-4E83-9CDD-CAD4F75D6883} = {5E063E70-9B9D-42A1-A4E5-F189AC07A204}
		{09255FE6-07AB-4A75-BAA5-4593CD8EB005} = {5E063E70-9B9D-42A1-A4E5-F189AC07A204}
		{0DDE937C-E721-4B1E-B261-462A2BA2FFCA} = {7E86FF4A-AA0D-4D54-8AEA-184EC34C2966}
		{D5970EFD-3E43-4DAC-9149-7BBEE2519848} = {7E86FF4A-AA0D-4D54-8AEA-184EC34C2966}
		{DD0DEA25-BED2-46B8-A8B9-BEB306D904EA} = {1A0F2300-CA92-44DF-91BD-1C13E36EC2CB}
		{FF39F270-F57D-44B9-B4F4-B2ABAEC9C46E} = {1A0F2300-CA92-44DF-91BD-1C13E36EC2CB}
		{426658F5-7AF1-4C3D-B8E4-AEE29F7F2FED} = {441960EF-F474-4CA9-9C9C-70531301EF06}
		{44782BD8-2732-4519-B785-B56C2F76BAFA} = {441960EF-F474-4CA9-9C9C-70531301EF06}
		{0A4EDB51-B575-4F74-9D4E-6E3C022F0414} = {4B43BBF2-2872-4B85-B510-A6F5803123BF}
		{CC81D0DB-0A42-4A05-B499-48791BC25DE7} = {4B43BBF2-2872-4B85-B510-A6F5803123BF}
		{0333700D-B058-4BB0-A996-DD8C2594A70D} = {6054E12E-68F3-4EAA-B570-433E00A5027A}
		{51354F5F-7FC1-4263-B3D9-9F30AB77243B} = {0333700D-B058-4BB0-A996-DD8C2594A70D}
		{CE1F17FB-639C-43AA-837E-1004C140B859} = {6054E12E-68F3-4EAA-B570-433E00A5027A}
		{D0C6C4EB-6AEA-4618-9050-0CADADFA98F2} = {0333700D-B058-4BB0-A996-DD8C2594A70D}
		{65D544F4-D02C-4FA6-9FF3-27DC52FFFE0B} = {0333700D-B058-4BB0-A996-DD8C2594A70D}
		{D5F7C245-F641-475B-BEAD-B86D43112939} = {51354F5F-7FC1-4263-B3D9-9F30AB77243B}
		{394376A2-B082-407F-9FAA-4A481A70691B} = {51354F5F-7FC1-4263-B3D9-9F30AB77243B}
		{13402F73-10A7-45B8-80F8-7FF56FE7D6D4} = {51354F5F-7FC1-4263-B3D9-9F30AB77243B}
		{2D375ED0-B603-453C-A541-DB9C0F751BF5} = {CE1F17FB-639C-43AA-837E-1004C140B859}
		{3D8415C5-6D55-423F-9B97-F6B3222761B4} = {CE1F17FB-639C-43AA-837E-1004C140B859}
		{37783227-B654-4917-A4A3-C6960450DE91} = {768DF262-049E-4293-8C46-51197C3CAF1B}
		{C4A4C59D-1CA0-40C9-B93C-AA05ECDE9BFC} = {F12B36CA-CC5C-4160-90B9-9249CDB013F8}
		{4AFBAA91-019A-4114-A4A1-7E9AB8C89483} = {F12B36CA-CC5C-4160-90B9-9249CDB013F8}
		{1CA73DDB-811E-415D-9CC1-65056BBA4570} = {6054E12E-68F3-4EAA-B570-433E00A5027A}
		{DC63200C-299D-4CA2-9766-D52126B5624D} = {1CA73DDB-811E-415D-9CC1-65056BBA4570}
		{E33F40A3-44C7-4AA8-A5BC-BE1B4B81EE87} = {1CA73DDB-811E-415D-9CC1-65056BBA4570}
		{CE7905C3-9886-48AF-97EA-265ED3604EA3} = {6054E12E-68F3-4EAA-B570-433E00A5027A}
		{63B3125A-A579-4974-98F6-CBD16E48D549} = {CE7905C3-9886-48AF-97EA-265ED3604EA3}
		{641D3A73-ADA3-43E5-BC05-B435904F57B1} = {CE7905C3-9886-48AF-97EA-265ED3604EA3}
		{5CC4A591-A920-4646-B4AD-BBEB0234A72E} = {CE7905C3-9886-48AF-97EA-265ED3604EA3}
		{534C4A11-6F74-4CDB-87A0-1D7B3A7D209D} = {63B3125A-A579-4974-98F6-CBD16E48D549}
		{A83A5F71-DA1E-4B60-9F69-65A6A706E8EE} = {63B3125A-A579-4974-98F6-CBD16E48D549}
		{7BF0BFB5-A827-4B74-9CAE-EA7853E7F64F} = {8D398665-6C56-4A33-A320-2EDDCC83555A}
		{732CEBF3-79BB-4F47-8178-EDCE7A4740AD} = {7BF0BFB5-A827-4B74-9CAE-EA7853E7F64F}
		{9A0A6CEA-330E-4317-8F8D-31A386AE0126} = {7BF0BFB5-A827-4B74-9CAE-EA7853E7F64F}
		{0477F9BA-9842-4E9E-94F3-FA08702B19DD} = {6054E12E-68F3-4EAA-B570-433E00A5027A}
		{0128A9AA-D4D0-49AD-A506-9D52FE1B34AE} = {0477F9BA-9842-4E9E-94F3-FA08702B19DD}
	EndGlobalSection
	GlobalSection(ProjectConfigurationPlatforms) = postSolution
		{37783227-B654-4917-A4A3-C6960450DE91}.Debug|Any CPU.ActiveCfg = Debug|Any CPU
		{37783227-B654-4917-A4A3-C6960450DE91}.Release|Any CPU.ActiveCfg = Release|Any CPU
		{43786678-3120-408E-824A-9A3D76F00AE9}.Debug|Any CPU.ActiveCfg = Debug|Any CPU
		{43786678-3120-408E-824A-9A3D76F00AE9}.Debug|Any CPU.Build.0 = Debug|Any CPU
		{43786678-3120-408E-824A-9A3D76F00AE9}.Release|Any CPU.ActiveCfg = Release|Any CPU
		{43786678-3120-408E-824A-9A3D76F00AE9}.Release|Any CPU.Build.0 = Release|Any CPU
		{C05098F0-A8D0-43C9-A1F6-D4370BA3205A}.Debug|Any CPU.ActiveCfg = Debug|Any CPU
		{C05098F0-A8D0-43C9-A1F6-D4370BA3205A}.Debug|Any CPU.Build.0 = Debug|Any CPU
		{C05098F0-A8D0-43C9-A1F6-D4370BA3205A}.Release|Any CPU.ActiveCfg = Release|Any CPU
		{C05098F0-A8D0-43C9-A1F6-D4370BA3205A}.Release|Any CPU.Build.0 = Release|Any CPU
		{A8A4B22A-A867-4CCC-A455-68533B722804}.Debug|Any CPU.ActiveCfg = Debug|Any CPU
		{A8A4B22A-A867-4CCC-A455-68533B722804}.Debug|Any CPU.Build.0 = Debug|Any CPU
		{A8A4B22A-A867-4CCC-A455-68533B722804}.Release|Any CPU.ActiveCfg = Release|Any CPU
		{A8A4B22A-A867-4CCC-A455-68533B722804}.Release|Any CPU.Build.0 = Release|Any CPU
		{03798ECC-673D-4869-92DE-A64FCCE58310}.Debug|Any CPU.ActiveCfg = Debug|Any CPU
		{03798ECC-673D-4869-92DE-A64FCCE58310}.Debug|Any CPU.Build.0 = Debug|Any CPU
		{03798ECC-673D-4869-92DE-A64FCCE58310}.Release|Any CPU.ActiveCfg = Release|Any CPU
		{03798ECC-673D-4869-92DE-A64FCCE58310}.Release|Any CPU.Build.0 = Release|Any CPU
		{33BD3B92-7516-468B-A8EE-ABE0488C80CB}.Debug|Any CPU.ActiveCfg = Debug|Any CPU
		{33BD3B92-7516-468B-A8EE-ABE0488C80CB}.Debug|Any CPU.Build.0 = Debug|Any CPU
		{33BD3B92-7516-468B-A8EE-ABE0488C80CB}.Release|Any CPU.ActiveCfg = Release|Any CPU
		{33BD3B92-7516-468B-A8EE-ABE0488C80CB}.Release|Any CPU.Build.0 = Release|Any CPU
		{354DE58D-3BE9-46E7-A764-30AD10336B41}.Debug|Any CPU.ActiveCfg = Debug|Any CPU
		{354DE58D-3BE9-46E7-A764-30AD10336B41}.Debug|Any CPU.Build.0 = Debug|Any CPU
		{354DE58D-3BE9-46E7-A764-30AD10336B41}.Release|Any CPU.ActiveCfg = Release|Any CPU
		{354DE58D-3BE9-46E7-A764-30AD10336B41}.Release|Any CPU.Build.0 = Release|Any CPU
		{27FAE3DC-623C-4E83-9CDD-CAD4F75D6883}.Debug|Any CPU.ActiveCfg = Debug|Any CPU
		{27FAE3DC-623C-4E83-9CDD-CAD4F75D6883}.Debug|Any CPU.Build.0 = Debug|Any CPU
		{27FAE3DC-623C-4E83-9CDD-CAD4F75D6883}.Release|Any CPU.ActiveCfg = Release|Any CPU
		{27FAE3DC-623C-4E83-9CDD-CAD4F75D6883}.Release|Any CPU.Build.0 = Release|Any CPU
		{09255FE6-07AB-4A75-BAA5-4593CD8EB005}.Debug|Any CPU.ActiveCfg = Debug|Any CPU
		{09255FE6-07AB-4A75-BAA5-4593CD8EB005}.Debug|Any CPU.Build.0 = Debug|Any CPU
		{09255FE6-07AB-4A75-BAA5-4593CD8EB005}.Release|Any CPU.ActiveCfg = Release|Any CPU
		{09255FE6-07AB-4A75-BAA5-4593CD8EB005}.Release|Any CPU.Build.0 = Release|Any CPU
		{0DDE937C-E721-4B1E-B261-462A2BA2FFCA}.Debug|Any CPU.ActiveCfg = Debug|Any CPU
		{0DDE937C-E721-4B1E-B261-462A2BA2FFCA}.Debug|Any CPU.Build.0 = Debug|Any CPU
		{0DDE937C-E721-4B1E-B261-462A2BA2FFCA}.Release|Any CPU.ActiveCfg = Release|Any CPU
		{0DDE937C-E721-4B1E-B261-462A2BA2FFCA}.Release|Any CPU.Build.0 = Release|Any CPU
		{D5970EFD-3E43-4DAC-9149-7BBEE2519848}.Debug|Any CPU.ActiveCfg = Debug|Any CPU
		{D5970EFD-3E43-4DAC-9149-7BBEE2519848}.Debug|Any CPU.Build.0 = Debug|Any CPU
		{D5970EFD-3E43-4DAC-9149-7BBEE2519848}.Release|Any CPU.ActiveCfg = Release|Any CPU
		{D5970EFD-3E43-4DAC-9149-7BBEE2519848}.Release|Any CPU.Build.0 = Release|Any CPU
		{DD0DEA25-BED2-46B8-A8B9-BEB306D904EA}.Debug|Any CPU.ActiveCfg = Debug|Any CPU
		{DD0DEA25-BED2-46B8-A8B9-BEB306D904EA}.Debug|Any CPU.Build.0 = Debug|Any CPU
		{DD0DEA25-BED2-46B8-A8B9-BEB306D904EA}.Release|Any CPU.ActiveCfg = Release|Any CPU
		{DD0DEA25-BED2-46B8-A8B9-BEB306D904EA}.Release|Any CPU.Build.0 = Release|Any CPU
		{FF39F270-F57D-44B9-B4F4-B2ABAEC9C46E}.Debug|Any CPU.ActiveCfg = Debug|Any CPU
		{FF39F270-F57D-44B9-B4F4-B2ABAEC9C46E}.Debug|Any CPU.Build.0 = Debug|Any CPU
		{FF39F270-F57D-44B9-B4F4-B2ABAEC9C46E}.Release|Any CPU.ActiveCfg = Release|Any CPU
		{FF39F270-F57D-44B9-B4F4-B2ABAEC9C46E}.Release|Any CPU.Build.0 = Release|Any CPU
		{426658F5-7AF1-4C3D-B8E4-AEE29F7F2FED}.Debug|Any CPU.ActiveCfg = Debug|Any CPU
		{426658F5-7AF1-4C3D-B8E4-AEE29F7F2FED}.Debug|Any CPU.Build.0 = Debug|Any CPU
		{426658F5-7AF1-4C3D-B8E4-AEE29F7F2FED}.Release|Any CPU.ActiveCfg = Release|Any CPU
		{426658F5-7AF1-4C3D-B8E4-AEE29F7F2FED}.Release|Any CPU.Build.0 = Release|Any CPU
		{44782BD8-2732-4519-B785-B56C2F76BAFA}.Debug|Any CPU.ActiveCfg = Debug|Any CPU
		{44782BD8-2732-4519-B785-B56C2F76BAFA}.Debug|Any CPU.Build.0 = Debug|Any CPU
		{44782BD8-2732-4519-B785-B56C2F76BAFA}.Release|Any CPU.ActiveCfg = Release|Any CPU
		{44782BD8-2732-4519-B785-B56C2F76BAFA}.Release|Any CPU.Build.0 = Release|Any CPU
		{0A4EDB51-B575-4F74-9D4E-6E3C022F0414}.Debug|Any CPU.ActiveCfg = Debug|Any CPU
		{0A4EDB51-B575-4F74-9D4E-6E3C022F0414}.Debug|Any CPU.Build.0 = Debug|Any CPU
		{0A4EDB51-B575-4F74-9D4E-6E3C022F0414}.Release|Any CPU.ActiveCfg = Release|Any CPU
		{0A4EDB51-B575-4F74-9D4E-6E3C022F0414}.Release|Any CPU.Build.0 = Release|Any CPU
		{CC81D0DB-0A42-4A05-B499-48791BC25DE7}.Debug|Any CPU.ActiveCfg = Debug|Any CPU
		{CC81D0DB-0A42-4A05-B499-48791BC25DE7}.Debug|Any CPU.Build.0 = Debug|Any CPU
		{CC81D0DB-0A42-4A05-B499-48791BC25DE7}.Release|Any CPU.ActiveCfg = Release|Any CPU
		{CC81D0DB-0A42-4A05-B499-48791BC25DE7}.Release|Any CPU.Build.0 = Release|Any CPU
		{D0C6C4EB-6AEA-4618-9050-0CADADFA98F2}.Debug|Any CPU.ActiveCfg = Debug|Any CPU
		{D0C6C4EB-6AEA-4618-9050-0CADADFA98F2}.Debug|Any CPU.Build.0 = Debug|Any CPU
		{D0C6C4EB-6AEA-4618-9050-0CADADFA98F2}.Release|Any CPU.ActiveCfg = Release|Any CPU
		{D0C6C4EB-6AEA-4618-9050-0CADADFA98F2}.Release|Any CPU.Build.0 = Release|Any CPU
		{65D544F4-D02C-4FA6-9FF3-27DC52FFFE0B}.Debug|Any CPU.ActiveCfg = Debug|Any CPU
		{65D544F4-D02C-4FA6-9FF3-27DC52FFFE0B}.Debug|Any CPU.Build.0 = Debug|Any CPU
		{65D544F4-D02C-4FA6-9FF3-27DC52FFFE0B}.Release|Any CPU.ActiveCfg = Release|Any CPU
		{65D544F4-D02C-4FA6-9FF3-27DC52FFFE0B}.Release|Any CPU.Build.0 = Release|Any CPU
		{D5F7C245-F641-475B-BEAD-B86D43112939}.Debug|Any CPU.ActiveCfg = Debug|Any CPU
		{D5F7C245-F641-475B-BEAD-B86D43112939}.Debug|Any CPU.Build.0 = Debug|Any CPU
		{D5F7C245-F641-475B-BEAD-B86D43112939}.Release|Any CPU.ActiveCfg = Release|Any CPU
		{D5F7C245-F641-475B-BEAD-B86D43112939}.Release|Any CPU.Build.0 = Release|Any CPU
		{394376A2-B082-407F-9FAA-4A481A70691B}.Debug|Any CPU.ActiveCfg = Debug|Any CPU
		{394376A2-B082-407F-9FAA-4A481A70691B}.Debug|Any CPU.Build.0 = Debug|Any CPU
		{394376A2-B082-407F-9FAA-4A481A70691B}.Release|Any CPU.ActiveCfg = Release|Any CPU
		{394376A2-B082-407F-9FAA-4A481A70691B}.Release|Any CPU.Build.0 = Release|Any CPU
		{13402F73-10A7-45B8-80F8-7FF56FE7D6D4}.Debug|Any CPU.ActiveCfg = Debug|Any CPU
		{13402F73-10A7-45B8-80F8-7FF56FE7D6D4}.Debug|Any CPU.Build.0 = Debug|Any CPU
		{13402F73-10A7-45B8-80F8-7FF56FE7D6D4}.Release|Any CPU.ActiveCfg = Release|Any CPU
		{13402F73-10A7-45B8-80F8-7FF56FE7D6D4}.Release|Any CPU.Build.0 = Release|Any CPU
		{2D375ED0-B603-453C-A541-DB9C0F751BF5}.Debug|Any CPU.ActiveCfg = Debug|Any CPU
		{2D375ED0-B603-453C-A541-DB9C0F751BF5}.Debug|Any CPU.Build.0 = Debug|Any CPU
		{2D375ED0-B603-453C-A541-DB9C0F751BF5}.Release|Any CPU.ActiveCfg = Release|Any CPU
		{2D375ED0-B603-453C-A541-DB9C0F751BF5}.Release|Any CPU.Build.0 = Release|Any CPU
		{3D8415C5-6D55-423F-9B97-F6B3222761B4}.Debug|Any CPU.ActiveCfg = Debug|Any CPU
		{3D8415C5-6D55-423F-9B97-F6B3222761B4}.Debug|Any CPU.Build.0 = Debug|Any CPU
		{3D8415C5-6D55-423F-9B97-F6B3222761B4}.Release|Any CPU.ActiveCfg = Release|Any CPU
		{3D8415C5-6D55-423F-9B97-F6B3222761B4}.Release|Any CPU.Build.0 = Release|Any CPU
		{C4A4C59D-1CA0-40C9-B93C-AA05ECDE9BFC}.Debug|Any CPU.ActiveCfg = Debug|Any CPU
		{C4A4C59D-1CA0-40C9-B93C-AA05ECDE9BFC}.Debug|Any CPU.Build.0 = Debug|Any CPU
		{C4A4C59D-1CA0-40C9-B93C-AA05ECDE9BFC}.Release|Any CPU.ActiveCfg = Release|Any CPU
		{C4A4C59D-1CA0-40C9-B93C-AA05ECDE9BFC}.Release|Any CPU.Build.0 = Release|Any CPU
		{4AFBAA91-019A-4114-A4A1-7E9AB8C89483}.Debug|Any CPU.ActiveCfg = Debug|Any CPU
		{4AFBAA91-019A-4114-A4A1-7E9AB8C89483}.Debug|Any CPU.Build.0 = Debug|Any CPU
		{4AFBAA91-019A-4114-A4A1-7E9AB8C89483}.Release|Any CPU.ActiveCfg = Release|Any CPU
		{4AFBAA91-019A-4114-A4A1-7E9AB8C89483}.Release|Any CPU.Build.0 = Release|Any CPU
		{DC63200C-299D-4CA2-9766-D52126B5624D}.Debug|Any CPU.ActiveCfg = Debug|Any CPU
		{DC63200C-299D-4CA2-9766-D52126B5624D}.Debug|Any CPU.Build.0 = Debug|Any CPU
		{DC63200C-299D-4CA2-9766-D52126B5624D}.Release|Any CPU.ActiveCfg = Release|Any CPU
		{DC63200C-299D-4CA2-9766-D52126B5624D}.Release|Any CPU.Build.0 = Release|Any CPU
		{E33F40A3-44C7-4AA8-A5BC-BE1B4B81EE87}.Debug|Any CPU.ActiveCfg = Debug|Any CPU
		{E33F40A3-44C7-4AA8-A5BC-BE1B4B81EE87}.Debug|Any CPU.Build.0 = Debug|Any CPU
		{E33F40A3-44C7-4AA8-A5BC-BE1B4B81EE87}.Release|Any CPU.ActiveCfg = Release|Any CPU
		{E33F40A3-44C7-4AA8-A5BC-BE1B4B81EE87}.Release|Any CPU.Build.0 = Release|Any CPU
		{641D3A73-ADA3-43E5-BC05-B435904F57B1}.Debug|Any CPU.ActiveCfg = Debug|Any CPU
		{641D3A73-ADA3-43E5-BC05-B435904F57B1}.Debug|Any CPU.Build.0 = Debug|Any CPU
		{641D3A73-ADA3-43E5-BC05-B435904F57B1}.Release|Any CPU.ActiveCfg = Release|Any CPU
		{641D3A73-ADA3-43E5-BC05-B435904F57B1}.Release|Any CPU.Build.0 = Release|Any CPU
		{5CC4A591-A920-4646-B4AD-BBEB0234A72E}.Debug|Any CPU.ActiveCfg = Debug|Any CPU
		{5CC4A591-A920-4646-B4AD-BBEB0234A72E}.Debug|Any CPU.Build.0 = Debug|Any CPU
		{5CC4A591-A920-4646-B4AD-BBEB0234A72E}.Release|Any CPU.ActiveCfg = Release|Any CPU
		{5CC4A591-A920-4646-B4AD-BBEB0234A72E}.Release|Any CPU.Build.0 = Release|Any CPU
		{534C4A11-6F74-4CDB-87A0-1D7B3A7D209D}.Debug|Any CPU.ActiveCfg = Debug|Any CPU
		{534C4A11-6F74-4CDB-87A0-1D7B3A7D209D}.Debug|Any CPU.Build.0 = Debug|Any CPU
		{534C4A11-6F74-4CDB-87A0-1D7B3A7D209D}.Release|Any CPU.ActiveCfg = Release|Any CPU
		{534C4A11-6F74-4CDB-87A0-1D7B3A7D209D}.Release|Any CPU.Build.0 = Release|Any CPU
		{A83A5F71-DA1E-4B60-9F69-65A6A706E8EE}.Debug|Any CPU.ActiveCfg = Debug|Any CPU
		{A83A5F71-DA1E-4B60-9F69-65A6A706E8EE}.Debug|Any CPU.Build.0 = Debug|Any CPU
		{A83A5F71-DA1E-4B60-9F69-65A6A706E8EE}.Release|Any CPU.ActiveCfg = Release|Any CPU
		{A83A5F71-DA1E-4B60-9F69-65A6A706E8EE}.Release|Any CPU.Build.0 = Release|Any CPU
		{732CEBF3-79BB-4F47-8178-EDCE7A4740AD}.Debug|Any CPU.ActiveCfg = Debug|Any CPU
		{732CEBF3-79BB-4F47-8178-EDCE7A4740AD}.Debug|Any CPU.Build.0 = Debug|Any CPU
		{732CEBF3-79BB-4F47-8178-EDCE7A4740AD}.Release|Any CPU.ActiveCfg = Release|Any CPU
		{732CEBF3-79BB-4F47-8178-EDCE7A4740AD}.Release|Any CPU.Build.0 = Release|Any CPU
		{9A0A6CEA-330E-4317-8F8D-31A386AE0126}.Debug|Any CPU.ActiveCfg = Debug|Any CPU
		{9A0A6CEA-330E-4317-8F8D-31A386AE0126}.Debug|Any CPU.Build.0 = Debug|Any CPU
		{9A0A6CEA-330E-4317-8F8D-31A386AE0126}.Release|Any CPU.ActiveCfg = Release|Any CPU
		{9A0A6CEA-330E-4317-8F8D-31A386AE0126}.Release|Any CPU.Build.0 = Release|Any CPU
		{0128A9AA-D4D0-49AD-A506-9D52FE1B34AE}.Debug|Any CPU.ActiveCfg = Debug|Any CPU
		{0128A9AA-D4D0-49AD-A506-9D52FE1B34AE}.Debug|Any CPU.Build.0 = Debug|Any CPU
		{0128A9AA-D4D0-49AD-A506-9D52FE1B34AE}.Release|Any CPU.ActiveCfg = Release|Any CPU
		{0128A9AA-D4D0-49AD-A506-9D52FE1B34AE}.Release|Any CPU.Build.0 = Release|Any CPU
	EndGlobalSection
EndGlobal
